// !$*UTF8*$!
{
	archiveVersion = 1;
	classes = {
	};
	objectVersion = 52;
	objects = {

/* Begin PBXBuildFile section */
		4F48061F2554663B00BC4401 /* CloneNetflixApp.swift in Sources */ = {isa = PBXBuildFile; fileRef = 4F48061E2554663B00BC4401 /* CloneNetflixApp.swift */; };
		4F4806212554663B00BC4401 /* ContentView.swift in Sources */ = {isa = PBXBuildFile; fileRef = 4F4806202554663B00BC4401 /* ContentView.swift */; };
		4F4806232554663E00BC4401 /* Assets.xcassets in Resources */ = {isa = PBXBuildFile; fileRef = 4F4806222554663E00BC4401 /* Assets.xcassets */; };
		4F4806262554663E00BC4401 /* Preview Assets.xcassets in Resources */ = {isa = PBXBuildFile; fileRef = 4F4806252554663E00BC4401 /* Preview Assets.xcassets */; };
		4F48062F255466A000BC4401 /* HomeView.swift in Sources */ = {isa = PBXBuildFile; fileRef = 4F48062E255466A000BC4401 /* HomeView.swift */; };
		4F4806372555511500BC4401 /* KingfisherSwiftUI in Frameworks */ = {isa = PBXBuildFile; productRef = 4F4806362555511500BC4401 /* KingfisherSwiftUI */; };
		4F48063A255551F600BC4401 /* Movie.swift in Sources */ = {isa = PBXBuildFile; fileRef = 4F480639255551F600BC4401 /* Movie.swift */; };
		4F48063D2555523400BC4401 /* StandardHomeMovie.swift in Sources */ = {isa = PBXBuildFile; fileRef = 4F48063C2555523400BC4401 /* StandardHomeMovie.swift */; };
		4F4806402555538100BC4401 /* GlobalHelper.swift in Sources */ = {isa = PBXBuildFile; fileRef = 4F48063F2555538100BC4401 /* GlobalHelper.swift */; };
		4F48064325555AAD00BC4401 /* HomeVM.swift in Sources */ = {isa = PBXBuildFile; fileRef = 4F48064225555AAD00BC4401 /* HomeVM.swift */; };
		4FF3FE092565477100ACD4D3 /* TopMoviePreview.swift in Sources */ = {isa = PBXBuildFile; fileRef = 4FF3FE082565477100ACD4D3 /* TopMoviePreview.swift */; };
		4FF3FE0C2565806B00ACD4D3 /* SmallVerticalButton.swift in Sources */ = {isa = PBXBuildFile; fileRef = 4FF3FE0B2565806B00ACD4D3 /* SmallVerticalButton.swift */; };
		4FF3FE0F2565877300ACD4D3 /* WhiteButton.swift in Sources */ = {isa = PBXBuildFile; fileRef = 4FF3FE0E2565877300ACD4D3 /* WhiteButton.swift */; };
/* End PBXBuildFile section */

/* Begin PBXFileReference section */
		4F48061B2554663B00BC4401 /* CloneNetflix.app */ = {isa = PBXFileReference; explicitFileType = wrapper.application; includeInIndex = 0; path = CloneNetflix.app; sourceTree = BUILT_PRODUCTS_DIR; };
		4F48061E2554663B00BC4401 /* CloneNetflixApp.swift */ = {isa = PBXFileReference; lastKnownFileType = sourcecode.swift; path = CloneNetflixApp.swift; sourceTree = "<group>"; };
		4F4806202554663B00BC4401 /* ContentView.swift */ = {isa = PBXFileReference; lastKnownFileType = sourcecode.swift; path = ContentView.swift; sourceTree = "<group>"; };
		4F4806222554663E00BC4401 /* Assets.xcassets */ = {isa = PBXFileReference; lastKnownFileType = folder.assetcatalog; path = Assets.xcassets; sourceTree = "<group>"; };
		4F4806252554663E00BC4401 /* Preview Assets.xcassets */ = {isa = PBXFileReference; lastKnownFileType = folder.assetcatalog; path = "Preview Assets.xcassets"; sourceTree = "<group>"; };
		4F4806272554663E00BC4401 /* Info.plist */ = {isa = PBXFileReference; lastKnownFileType = text.plist.xml; path = Info.plist; sourceTree = "<group>"; };
		4F48062E255466A000BC4401 /* HomeView.swift */ = {isa = PBXFileReference; lastKnownFileType = sourcecode.swift; path = HomeView.swift; sourceTree = "<group>"; };
		4F480639255551F600BC4401 /* Movie.swift */ = {isa = PBXFileReference; lastKnownFileType = sourcecode.swift; path = Movie.swift; sourceTree = "<group>"; };
		4F48063C2555523400BC4401 /* StandardHomeMovie.swift */ = {isa = PBXFileReference; lastKnownFileType = sourcecode.swift; path = StandardHomeMovie.swift; sourceTree = "<group>"; };
		4F48063F2555538100BC4401 /* GlobalHelper.swift */ = {isa = PBXFileReference; lastKnownFileType = sourcecode.swift; path = GlobalHelper.swift; sourceTree = "<group>"; };
		4F48064225555AAD00BC4401 /* HomeVM.swift */ = {isa = PBXFileReference; lastKnownFileType = sourcecode.swift; path = HomeVM.swift; sourceTree = "<group>"; };
		4FF3FE082565477100ACD4D3 /* TopMoviePreview.swift */ = {isa = PBXFileReference; lastKnownFileType = sourcecode.swift; path = TopMoviePreview.swift; sourceTree = "<group>"; };
		4FF3FE0B2565806B00ACD4D3 /* SmallVerticalButton.swift */ = {isa = PBXFileReference; lastKnownFileType = sourcecode.swift; path = SmallVerticalButton.swift; sourceTree = "<group>"; };
		4FF3FE0E2565877300ACD4D3 /* WhiteButton.swift */ = {isa = PBXFileReference; lastKnownFileType = sourcecode.swift; path = WhiteButton.swift; sourceTree = "<group>"; };
/* End PBXFileReference section */

/* Begin PBXFrameworksBuildPhase section */
		4F4806182554663B00BC4401 /* Frameworks */ = {
			isa = PBXFrameworksBuildPhase;
			buildActionMask = 2147483647;
			files = (
				4F4806372555511500BC4401 /* KingfisherSwiftUI in Frameworks */,
			);
			runOnlyForDeploymentPostprocessing = 0;
		};
/* End PBXFrameworksBuildPhase section */

/* Begin PBXGroup section */
		4F4806122554663B00BC4401 = {
			isa = PBXGroup;
			children = (
				4F48061D2554663B00BC4401 /* CloneNetflix */,
				4F48061C2554663B00BC4401 /* Products */,
			);
			sourceTree = "<group>";
		};
		4F48061C2554663B00BC4401 /* Products */ = {
			isa = PBXGroup;
			children = (
				4F48061B2554663B00BC4401 /* CloneNetflix.app */,
			);
			name = Products;
			sourceTree = "<group>";
		};
		4F48061D2554663B00BC4401 /* CloneNetflix */ = {
			isa = PBXGroup;
			children = (
				4F48061E2554663B00BC4401 /* CloneNetflixApp.swift */,
				4F4806202554663B00BC4401 /* ContentView.swift */,
				4F48062E255466A000BC4401 /* HomeView.swift */,
				4F48064225555AAD00BC4401 /* HomeVM.swift */,
				4F480639255551F600BC4401 /* Movie.swift */,
				4F48063C2555523400BC4401 /* StandardHomeMovie.swift */,
				4FF3FE082565477100ACD4D3 /* TopMoviePreview.swift */,
				4FF3FE0B2565806B00ACD4D3 /* SmallVerticalButton.swift */,
				4FF3FE0E2565877300ACD4D3 /* WhiteButton.swift */,
				4F48063F2555538100BC4401 /* GlobalHelper.swift */,
				4F4806222554663E00BC4401 /* Assets.xcassets */,
				4F4806272554663E00BC4401 /* Info.plist */,
				4F4806242554663E00BC4401 /* Preview Content */,
			);
			path = CloneNetflix;
			sourceTree = "<group>";
		};
		4F4806242554663E00BC4401 /* Preview Content */ = {
			isa = PBXGroup;
			children = (
				4F4806252554663E00BC4401 /* Preview Assets.xcassets */,
			);
			path = "Preview Content";
			sourceTree = "<group>";
		};
/* End PBXGroup section */

/* Begin PBXNativeTarget section */
		4F48061A2554663B00BC4401 /* CloneNetflix */ = {
			isa = PBXNativeTarget;
			buildConfigurationList = 4F48062A2554663E00BC4401 /* Build configuration list for PBXNativeTarget "CloneNetflix" */;
			buildPhases = (
				4F4806172554663B00BC4401 /* Sources */,
				4F4806182554663B00BC4401 /* Frameworks */,
				4F4806192554663B00BC4401 /* Resources */,
			);
			buildRules = (
			);
			dependencies = (
			);
			name = CloneNetflix;
			packageProductDependencies = (
				4F4806362555511500BC4401 /* KingfisherSwiftUI */,
			);
			productName = CloneNetflix;
			productReference = 4F48061B2554663B00BC4401 /* CloneNetflix.app */;
			productType = "com.apple.product-type.application";
		};
/* End PBXNativeTarget section */

/* Begin PBXProject section */
		4F4806132554663B00BC4401 /* Project object */ = {
			isa = PBXProject;
			attributes = {
				LastSwiftUpdateCheck = 1210;
				LastUpgradeCheck = 1210;
				TargetAttributes = {
					4F48061A2554663B00BC4401 = {
						CreatedOnToolsVersion = 12.1;
					};
				};
			};
			buildConfigurationList = 4F4806162554663B00BC4401 /* Build configuration list for PBXProject "CloneNetflix" */;
			compatibilityVersion = "Xcode 9.3";
			developmentRegion = en;
			hasScannedForEncodings = 0;
			knownRegions = (
				en,
				Base,
			);
			mainGroup = 4F4806122554663B00BC4401;
			packageReferences = (
				4F4806352555511500BC4401 /* XCRemoteSwiftPackageReference "Kingfisher" */,
			);
			productRefGroup = 4F48061C2554663B00BC4401 /* Products */;
			projectDirPath = "";
			projectRoot = "";
			targets = (
				4F48061A2554663B00BC4401 /* CloneNetflix */,
			);
		};
/* End PBXProject section */

/* Begin PBXResourcesBuildPhase section */
		4F4806192554663B00BC4401 /* Resources */ = {
			isa = PBXResourcesBuildPhase;
			buildActionMask = 2147483647;
			files = (
				4F4806262554663E00BC4401 /* Preview Assets.xcassets in Resources */,
				4F4806232554663E00BC4401 /* Assets.xcassets in Resources */,
			);
			runOnlyForDeploymentPostprocessing = 0;
		};
/* End PBXResourcesBuildPhase section */

/* Begin PBXSourcesBuildPhase section */
		4F4806172554663B00BC4401 /* Sources */ = {
			isa = PBXSourcesBuildPhase;
			buildActionMask = 2147483647;
			files = (
				4F4806402555538100BC4401 /* GlobalHelper.swift in Sources */,
				4F48062F255466A000BC4401 /* HomeView.swift in Sources */,
				4F48064325555AAD00BC4401 /* HomeVM.swift in Sources */,
				4F4806212554663B00BC4401 /* ContentView.swift in Sources */,
				4F48063D2555523400BC4401 /* StandardHomeMovie.swift in Sources */,
				4FF3FE092565477100ACD4D3 /* TopMoviePreview.swift in Sources */,
				4F48063A255551F600BC4401 /* Movie.swift in Sources */,
				4F48061F2554663B00BC4401 /* CloneNetflixApp.swift in Sources */,
				4FF3FE0C2565806B00ACD4D3 /* SmallVerticalButton.swift in Sources */,
				4FF3FE0F2565877300ACD4D3 /* WhiteButton.swift in Sources */,
			);
			runOnlyForDeploymentPostprocessing = 0;
		};
/* End PBXSourcesBuildPhase section */

/* Begin XCBuildConfiguration section */
		4F4806282554663E00BC4401 /* Debug */ = {
			isa = XCBuildConfiguration;
			buildSettings = {
				ALWAYS_SEARCH_USER_PATHS = NO;
				CLANG_ANALYZER_NONNULL = YES;
				CLANG_ANALYZER_NUMBER_OBJECT_CONVERSION = YES_AGGRESSIVE;
				CLANG_CXX_LANGUAGE_STANDARD = "gnu++14";
				CLANG_CXX_LIBRARY = "libc++";
				CLANG_ENABLE_MODULES = YES;
				CLANG_ENABLE_OBJC_ARC = YES;
				CLANG_ENABLE_OBJC_WEAK = YES;
				CLANG_WARN_BLOCK_CAPTURE_AUTORELEASING = YES;
				CLANG_WARN_BOOL_CONVERSION = YES;
				CLANG_WARN_COMMA = YES;
				CLANG_WARN_CONSTANT_CONVERSION = YES;
				CLANG_WARN_DEPRECATED_OBJC_IMPLEMENTATIONS = YES;
				CLANG_WARN_DIRECT_OBJC_ISA_USAGE = YES_ERROR;
				CLANG_WARN_DOCUMENTATION_COMMENTS = YES;
				CLANG_WARN_EMPTY_BODY = YES;
				CLANG_WARN_ENUM_CONVERSION = YES;
				CLANG_WARN_INFINITE_RECURSION = YES;
				CLANG_WARN_INT_CONVERSION = YES;
				CLANG_WARN_NON_LITERAL_NULL_CONVERSION = YES;
				CLANG_WARN_OBJC_IMPLICIT_RETAIN_SELF = YES;
				CLANG_WARN_OBJC_LITERAL_CONVERSION = YES;
				CLANG_WARN_OBJC_ROOT_CLASS = YES_ERROR;
				CLANG_WARN_QUOTED_INCLUDE_IN_FRAMEWORK_HEADER = YES;
				CLANG_WARN_RANGE_LOOP_ANALYSIS = YES;
				CLANG_WARN_STRICT_PROTOTYPES = YES;
				CLANG_WARN_SUSPICIOUS_MOVE = YES;
				CLANG_WARN_UNGUARDED_AVAILABILITY = YES_AGGRESSIVE;
				CLANG_WARN_UNREACHABLE_CODE = YES;
				CLANG_WARN__DUPLICATE_METHOD_MATCH = YES;
				COPY_PHASE_STRIP = NO;
				DEBUG_INFORMATION_FORMAT = dwarf;
				ENABLE_STRICT_OBJC_MSGSEND = YES;
				ENABLE_TESTABILITY = YES;
				GCC_C_LANGUAGE_STANDARD = gnu11;
				GCC_DYNAMIC_NO_PIC = NO;
				GCC_NO_COMMON_BLOCKS = YES;
				GCC_OPTIMIZATION_LEVEL = 0;
				GCC_PREPROCESSOR_DEFINITIONS = (
					"DEBUG=1",
					"$(inherited)",
				);
				GCC_WARN_64_TO_32_BIT_CONVERSION = YES;
				GCC_WARN_ABOUT_RETURN_TYPE = YES_ERROR;
				GCC_WARN_UNDECLARED_SELECTOR = YES;
				GCC_WARN_UNINITIALIZED_AUTOS = YES_AGGRESSIVE;
				GCC_WARN_UNUSED_FUNCTION = YES;
				GCC_WARN_UNUSED_VARIABLE = YES;
				IPHONEOS_DEPLOYMENT_TARGET = 14.1;
				MTL_ENABLE_DEBUG_INFO = INCLUDE_SOURCE;
				MTL_FAST_MATH = YES;
				ONLY_ACTIVE_ARCH = YES;
				SDKROOT = iphoneos;
				SWIFT_ACTIVE_COMPILATION_CONDITIONS = DEBUG;
				SWIFT_OPTIMIZATION_LEVEL = "-Onone";
			};
			name = Debug;
		};
		4F4806292554663E00BC4401 /* Release */ = {
			isa = XCBuildConfiguration;
			buildSettings = {
				ALWAYS_SEARCH_USER_PATHS = NO;
				CLANG_ANALYZER_NONNULL = YES;
				CLANG_ANALYZER_NUMBER_OBJECT_CONVERSION = YES_AGGRESSIVE;
				CLANG_CXX_LANGUAGE_STANDARD = "gnu++14";
				CLANG_CXX_LIBRARY = "libc++";
				CLANG_ENABLE_MODULES = YES;
				CLANG_ENABLE_OBJC_ARC = YES;
				CLANG_ENABLE_OBJC_WEAK = YES;
				CLANG_WARN_BLOCK_CAPTURE_AUTORELEASING = YES;
				CLANG_WARN_BOOL_CONVERSION = YES;
				CLANG_WARN_COMMA = YES;
				CLANG_WARN_CONSTANT_CONVERSION = YES;
				CLANG_WARN_DEPRECATED_OBJC_IMPLEMENTATIONS = YES;
				CLANG_WARN_DIRECT_OBJC_ISA_USAGE = YES_ERROR;
				CLANG_WARN_DOCUMENTATION_COMMENTS = YES;
				CLANG_WARN_EMPTY_BODY = YES;
				CLANG_WARN_ENUM_CONVERSION = YES;
				CLANG_WARN_INFINITE_RECURSION = YES;
				CLANG_WARN_INT_CONVERSION = YES;
				CLANG_WARN_NON_LITERAL_NULL_CONVERSION = YES;
				CLANG_WARN_OBJC_IMPLICIT_RETAIN_SELF = YES;
				CLANG_WARN_OBJC_LITERAL_CONVERSION = YES;
				CLANG_WARN_OBJC_ROOT_CLASS = YES_ERROR;
				CLANG_WARN_QUOTED_INCLUDE_IN_FRAMEWORK_HEADER = YES;
				CLANG_WARN_RANGE_LOOP_ANALYSIS = YES;
				CLANG_WARN_STRICT_PROTOTYPES = YES;
				CLANG_WARN_SUSPICIOUS_MOVE = YES;
				CLANG_WARN_UNGUARDED_AVAILABILITY = YES_AGGRESSIVE;
				CLANG_WARN_UNREACHABLE_CODE = YES;
				CLANG_WARN__DUPLICATE_METHOD_MATCH = YES;
				COPY_PHASE_STRIP = NO;
				DEBUG_INFORMATION_FORMAT = "dwarf-with-dsym";
				ENABLE_NS_ASSERTIONS = NO;
				ENABLE_STRICT_OBJC_MSGSEND = YES;
				GCC_C_LANGUAGE_STANDARD = gnu11;
				GCC_NO_COMMON_BLOCKS = YES;
				GCC_WARN_64_TO_32_BIT_CONVERSION = YES;
				GCC_WARN_ABOUT_RETURN_TYPE = YES_ERROR;
				GCC_WARN_UNDECLARED_SELECTOR = YES;
				GCC_WARN_UNINITIALIZED_AUTOS = YES_AGGRESSIVE;
				GCC_WARN_UNUSED_FUNCTION = YES;
				GCC_WARN_UNUSED_VARIABLE = YES;
				IPHONEOS_DEPLOYMENT_TARGET = 14.1;
				MTL_ENABLE_DEBUG_INFO = NO;
				MTL_FAST_MATH = YES;
				SDKROOT = iphoneos;
				SWIFT_COMPILATION_MODE = wholemodule;
				SWIFT_OPTIMIZATION_LEVEL = "-O";
				VALIDATE_PRODUCT = YES;
			};
			name = Release;
		};
		4F48062B2554663E00BC4401 /* Debug */ = {
			isa = XCBuildConfiguration;
			buildSettings = {
				ASSETCATALOG_COMPILER_APPICON_NAME = AppIcon;
				ASSETCATALOG_COMPILER_GLOBAL_ACCENT_COLOR_NAME = AccentColor;
				CODE_SIGN_STYLE = Automatic;
				DEVELOPMENT_ASSET_PATHS = "\"CloneNetflix/Preview Content\"";
				DEVELOPMENT_TEAM = 4K4LP62M5S;
				ENABLE_PREVIEWS = YES;
				INFOPLIST_FILE = CloneNetflix/Info.plist;
				IPHONEOS_DEPLOYMENT_TARGET = 14.0;
				LD_RUNPATH_SEARCH_PATHS = (
					"$(inherited)",
					"@executable_path/Frameworks",
				);
				PRODUCT_BUNDLE_IDENTIFIER = com.digimoplus.CloneNetflix;
				PRODUCT_NAME = "$(TARGET_NAME)";
				SWIFT_VERSION = 5.0;
				TARGETED_DEVICE_FAMILY = "1,2";
			};
			name = Debug;
		};
		4F48062C2554663E00BC4401 /* Release */ = {
			isa = XCBuildConfiguration;
			buildSettings = {
				ASSETCATALOG_COMPILER_APPICON_NAME = AppIcon;
				ASSETCATALOG_COMPILER_GLOBAL_ACCENT_COLOR_NAME = AccentColor;
				CODE_SIGN_STYLE = Automatic;
				DEVELOPMENT_ASSET_PATHS = "\"CloneNetflix/Preview Content\"";
				DEVELOPMENT_TEAM = 4K4LP62M5S;
				ENABLE_PREVIEWS = YES;
				INFOPLIST_FILE = CloneNetflix/Info.plist;
				IPHONEOS_DEPLOYMENT_TARGET = 14.0;
				LD_RUNPATH_SEARCH_PATHS = (
					"$(inherited)",
					"@executable_path/Frameworks",
				);
				PRODUCT_BUNDLE_IDENTIFIER = com.digimoplus.CloneNetflix;
				PRODUCT_NAME = "$(TARGET_NAME)";
				SWIFT_VERSION = 5.0;
				TARGETED_DEVICE_FAMILY = "1,2";
			};
			name = Release;
		};
/* End XCBuildConfiguration section */

/* Begin XCConfigurationList section */
		4F4806162554663B00BC4401 /* Build configuration list for PBXProject "CloneNetflix" */ = {
			isa = XCConfigurationList;
			buildConfigurations = (
				4F4806282554663E00BC4401 /* Debug */,
				4F4806292554663E00BC4401 /* Release */,
			);
			defaultConfigurationIsVisible = 0;
			defaultConfigurationName = Release;
		};
		4F48062A2554663E00BC4401 /* Build configuration list for PBXNativeTarget "CloneNetflix" */ = {
			isa = XCConfigurationList;
			buildConfigurations = (
				4F48062B2554663E00BC4401 /* Debug */,
				4F48062C2554663E00BC4401 /* Release */,
			);
			defaultConfigurationIsVisible = 0;
			defaultConfigurationName = Release;
		};
/* End XCConfigurationList section */

/* Begin XCRemoteSwiftPackageReference section */
		4F4806352555511500BC4401 /* XCRemoteSwiftPackageReference "Kingfisher" */ = {
			isa = XCRemoteSwiftPackageReference;
			repositoryURL = "https://github.com/onevcat/Kingfisher";
			requirement = {
				kind = upToNextMajorVersion;
				minimumVersion = 5.15.7;
			};
		};
/* End XCRemoteSwiftPackageReference section */

/* Begin XCSwiftPackageProductDependency section */
		4F4806362555511500BC4401 /* KingfisherSwiftUI */ = {
			isa = XCSwiftPackageProductDependency;
			package = 4F4806352555511500BC4401 /* XCRemoteSwiftPackageReference "Kingfisher" */;
			productName = KingfisherSwiftUI;
		};
/* End XCSwiftPackageProductDependency section */
	};
	rootObject = 4F4806132554663B00BC4401 /* Project object */;
}
